{
  "name": "ssapp-template",
  "version": "1.0.0",
  "lockfileVersion": 1,
  "requires": true,
  "dependencies": {
    "octopus": {
      "version": "git+https://github.com/PrivateSky/octopus.git#34e4e636f0042cb242329031de8ccc25b1c1338c",
      "from": "git+https://github.com/PrivateSky/octopus.git#1.0.1"
    }
  }
}
